
Microsoft Visual Studio Solution File, Format Version 12.00
# Visual Studio Version 17
VisualStudioVersion = 17.13.35931.197 d17.13
MinimumVisualStudioVersion = 10.0.40219.1
Project("{FAE04EC0-301F-11D3-BF4B-00C04F79EFBC}") = "DatabaseValueSearcher", "DatabaseValueSearcher\DatabaseValueSearcher.csproj", "{70DB231B-AFB6-4A6A-A9A3-C1D4E348D41E}"
EndProject
Global
	GlobalSection(SolutionConfigurationPlatforms) = preSolution
		Debug|Any CPU = Debug|Any CPU
		Release|Any CPU = Release|Any CPU
	EndGlobalSection
	GlobalSection(ProjectConfigurationPlatforms) = postSolution
		{70DB231B-AFB6-4A6A-A9A3-C1D4E348D41E}.Debug|Any CPU.ActiveCfg = Debug|Any CPU
		{70DB231B-AFB6-4A6A-A9A3-C1D4E348D41E}.Debug|Any CPU.Build.0 = Debug|Any CPU
		{70DB231B-AFB6-4A6A-A9A3-C1D4E348D41E}.Release|Any CPU.ActiveCfg = Release|Any CPU
		{70DB231B-AFB6-4A6A-A9A3-C1D4E348D41E}.Release|Any CPU.Build.0 = Release|Any CPU
	EndGlobalSection
	GlobalSection(SolutionProperties) = preSolution
		HideSolutionNode = FALSE
	EndGlobalSection
	GlobalSection(ExtensibilityGlobals) = postSolution
		SolutionGuid = {B73A6A5A-BE76-4B54-A7A0-84CCB1771282}
	EndGlobalSection
EndGlobal
